<?xml version="1.0" encoding="utf-8"?>
<Project ToolsVersion="4.0" xmlns="http://schemas.microsoft.com/developer/msbuild/2003">
  <ItemGroup>
    <ClCompile Include="..\Classes\AppDelegate.cpp" />
    <ClCompile Include="..\Classes\stdafx.cpp" />
    <ClCompile Include="main.cpp" />
    <ClCompile Include="..\Classes\GameManager.cpp">
      <Filter>Manager</Filter>
    </ClCompile>
    <ClCompile Include="..\Classes\MCScene.cpp">
      <Filter>OldNTest</Filter>
    </ClCompile>
    <ClCompile Include="..\Classes\TargetManager.cpp">
      <Filter>Manager</Filter>
    </ClCompile>
    <ClCompile Include="..\Classes\TWScene.cpp">
      <Filter>OldNTest</Filter>
    </ClCompile>
    <ClCompile Include="..\Classes\GameScene.cpp">
      <Filter>Scene</Filter>
    </ClCompile>
    <ClCompile Include="..\Classes\MainScene.cpp">
      <Filter>Scene</Filter>
    </ClCompile>
    <ClCompile Include="..\Classes\Sling.cpp">
      <Filter>GameObject</Filter>
    </ClCompile>
    <ClCompile Include="..\Classes\GameLayer.cpp">
      <Filter>Layer</Filter>
    </ClCompile>
    <ClCompile Include="..\Classes\UILayer.cpp">
      <Filter>Layer</Filter>
    </ClCompile>
    <ClCompile Include="..\Classes\ColliderManager.cpp">
      <Filter>Manager</Filter>
    </ClCompile>
    <ClCompile Include="..\Classes\Collider.cpp">
      <Filter>GameObject</Filter>
    </ClCompile>
    <ClCompile Include="..\Classes\Bullet.cpp">
      <Filter>GameObject\Bullets</Filter>
    </ClCompile>
    <ClCompile Include="..\Classes\Target.cpp">
      <Filter>GameObject\Targets</Filter>
    </ClCompile>
    <ClCompile Include="..\Classes\Enemy.cpp">
      <Filter>GameObject\Targets</Filter>
    </ClCompile>
    <ClCompile Include="..\Classes\Explosion.cpp">
      <Filter>GameObject\Explosions</Filter>
    </ClCompile>
    <ClCompile Include="..\Classes\Cloud.cpp">
      <Filter>GameObject\Targets</Filter>
    </ClCompile>
    <ClCompile Include="..\Classes\Bubble.cpp">
      <Filter>GameObject\Targets</Filter>
    </ClCompile>
    <ClCompile Include="..\Classes\JWScene.cpp">
      <Filter>OldNTest</Filter>
    </ClCompile>
    <ClCompile Include="..\Classes\StageInformation.cpp">
      <Filter>Manager</Filter>
    </ClCompile>
    <ClCompile Include="..\Classes\Star.cpp">
      <Filter>GameObject\Targets</Filter>
    </ClCompile>
    <ClCompile Include="..\Classes\CrossExplosion.cpp">
      <Filter>GameObject\Explosions</Filter>
    </ClCompile>
    <ClCompile Include="..\Classes\CrossBullet.cpp">
      <Filter>GameObject\Bullets</Filter>
    </ClCompile>
    <ClCompile Include="..\Classes\StageScene.cpp">
      <Filter>Scene</Filter>
    </ClCompile>
    <ClCompile Include="..\Classes\SeeBird.cpp">
      <Filter>GameObject\Targets</Filter>
    </ClCompile>
    <ClCompile Include="..\Classes\Mirror_y.cpp">
      <Filter>GameObject\Targets</Filter>
    </ClCompile>
    <ClCompile Include="..\Classes\Mirror.cpp">
      <Filter>GameObject\Targets</Filter>
    </ClCompile>
    <ClCompile Include="..\Classes\ConstVars.cpp">
      <Filter>Namspace</Filter>
    </ClCompile>
    <ClCompile Include="..\Classes\FileStuff.cpp">
      <Filter>Namspace</Filter>
    </ClCompile>
    <ClCompile Include="..\Classes\Collection.cpp" />
    <ClCompile Include="..\Classes\CollectionManager.cpp" />
    <ClCompile Include="..\Classes\jsoncpp.cpp">
      <Filter>JsonParser</Filter>
    </ClCompile>
    <ClCompile Include="..\Classes\cppson.cpp">
      <Filter>JsonParser</Filter>
    </ClCompile>
  </ItemGroup>
  <ItemGroup>
    <ClInclude Include="..\Classes\AppDelegate.h" />
    <ClInclude Include="..\Classes\stdafx.h" />
    <ClInclude Include="main.h" />
    <ClInclude Include="..\Classes\GameManager.h">
      <Filter>Manager</Filter>
    </ClInclude>
    <ClInclude Include="..\Classes\MCScene.h">
      <Filter>OldNTest</Filter>
    </ClInclude>
    <ClInclude Include="..\Classes\TargetManager.h">
      <Filter>Manager</Filter>
    </ClInclude>
    <ClInclude Include="..\Classes\TWScene.h">
      <Filter>OldNTest</Filter>
    </ClInclude>
    <ClInclude Include="..\Classes\GameScene.h">
      <Filter>Scene</Filter>
    </ClInclude>
    <ClInclude Include="..\Classes\MainScene.h">
      <Filter>Scene</Filter>
    </ClInclude>
    <ClInclude Include="..\Classes\Sling.h">
      <Filter>GameObject</Filter>
    </ClInclude>
    <ClInclude Include="..\Classes\GameLayer.h">
      <Filter>Layer</Filter>
    </ClInclude>
    <ClInclude Include="..\Classes\UILayer.h">
      <Filter>Layer</Filter>
    </ClInclude>
    <ClInclude Include="..\Classes\ColliderManager.h">
      <Filter>Manager</Filter>
    </ClInclude>
    <ClInclude Include="..\Classes\Collider.h">
      <Filter>GameObject</Filter>
    </ClInclude>
    <ClInclude Include="..\Classes\Bullet.h">
      <Filter>GameObject\Bullets</Filter>
    </ClInclude>
    <ClInclude Include="..\Classes\Enemy.h">
      <Filter>GameObject\Targets</Filter>
    </ClInclude>
    <ClInclude Include="..\Classes\Explosion.h">
      <Filter>GameObject\Explosions</Filter>
    </ClInclude>
    <ClInclude Include="..\Classes\Cloud.h">
      <Filter>GameObject\Targets</Filter>
    </ClInclude>
    <ClInclude Include="..\Classes\Bubble.h">
      <Filter>GameObject\Targets</Filter>
    </ClInclude>
    <ClInclude Include="..\Classes\JWScene.h">
      <Filter>OldNTest</Filter>
    </ClInclude>
    <ClInclude Include="..\Classes\StageInformation.h">
      <Filter>Manager</Filter>
    </ClInclude>
    <ClInclude Include="..\Classes\Target.h">
      <Filter>GameObject\Targets</Filter>
    </ClInclude>
    <ClInclude Include="..\Classes\Star.h">
      <Filter>GameObject\Targets</Filter>
    </ClInclude>
    <ClInclude Include="..\Classes\CrossExplosion.h">
      <Filter>GameObject\Explosions</Filter>
    </ClInclude>
    <ClInclude Include="..\Classes\CrossBullet.h">
      <Filter>GameObject\Bullets</Filter>
    </ClInclude>
    <ClInclude Include="..\Classes\StageScene.h">
      <Filter>Scene</Filter>
    </ClInclude>
    <ClInclude Include="..\Classes\SeeBird.h">
      <Filter>GameObject\Targets</Filter>
    </ClInclude>
    <ClInclude Include="..\Classes\Mirror_y.h">
      <Filter>GameObject\Targets</Filter>
    </ClInclude>
    <ClInclude Include="..\Classes\Mirror.h">
      <Filter>GameObject\Targets</Filter>
    </ClInclude>
    <ClInclude Include="..\Classes\ConstVars.h">
      <Filter>Namspace</Filter>
    </ClInclude>
    <ClInclude Include="..\Classes\FileStuff.h">
      <Filter>Namspace</Filter>
    </ClInclude>
    <ClInclude Include="..\Classes\CollectionManager.h">
      <Filter>Manager</Filter>
    </ClInclude>
    <ClInclude Include="..\Classes\Collection.h">
      <Filter>GameObject</Filter>
    </ClInclude>
    <ClInclude Include="..\Classes\json\json.h">
      <Filter>JsonParser</Filter>
    </ClInclude>
    <ClInclude Include="..\Classes\json\json-forwards.h">
      <Filter>JsonParser</Filter>
    </ClInclude>
    <ClInclude Include="..\Classes\cppson.h">
      <Filter>JsonParser</Filter>
    </ClInclude>
  </ItemGroup>
  <ItemGroup>
    <Filter Include="Scene">
      <UniqueIdentifier>{a5ec6f08-85e5-4448-82fe-afefac118824}</UniqueIdentifier>
    </Filter>
    <Filter Include="GameObject">
      <UniqueIdentifier>{179b3b19-8a6e-44e4-b242-5b20f6f112f4}</UniqueIdentifier>
    </Filter>
    <Filter Include="Manager">
      <UniqueIdentifier>{488aed1d-b802-480b-9ee0-f46ffce93888}</UniqueIdentifier>
    </Filter>
    <Filter Include="Layer">
      <UniqueIdentifier>{b4a61bd2-3425-4081-b1ee-479820b40afc}</UniqueIdentifier>
    </Filter>
    <Filter Include="Resource">
      <UniqueIdentifier>{aa2c9d39-de91-4a7e-b0f8-c4d8759c463e}</UniqueIdentifier>
    </Filter>
    <Filter Include="GameObject\Bullets">
      <UniqueIdentifier>{7b2ff9eb-e24b-442e-8d87-3bd18032e373}</UniqueIdentifier>
    </Filter>
    <Filter Include="GameObject\Targets">
      <UniqueIdentifier>{ee9f8d0c-aff0-48ea-a798-4722ac716d4c}</UniqueIdentifier>
    </Filter>
    <Filter Include="GameObject\Explosions">
      <UniqueIdentifier>{1b7770de-3bed-4d50-85ad-e7028b484aad}</UniqueIdentifier>
    </Filter>
    <Filter Include="OldNTest">
      <UniqueIdentifier>{65107cc2-2ca7-4692-90bb-48572cff323b}</UniqueIdentifier>
    </Filter>
    <Filter Include="Namspace">
      <UniqueIdentifier>{22db0e7a-d753-4f2e-8857-0cabf3429c31}</UniqueIdentifier>
    </Filter>
    <Filter Include="JsonParser">
      <UniqueIdentifier>{a9a26f3c-7811-4b25-a8bf-dbbacd7263ac}</UniqueIdentifier>
    </Filter>
  </ItemGroup>
  <ItemGroup>
    <ResourceCompile Include="game.rc">
      <Filter>Resource</Filter>
    </ResourceCompile>
  </ItemGroup>
  <ItemGroup>
    <None Include="ClassDiagram.cd" />
  </ItemGroup>
</Project>